
Microsoft Visual Studio Solution File, Format Version 12.00
# Visual Studio Version 16
VisualStudioVersion = 16.0.31624.102
MinimumVisualStudioVersion = 10.0.40219.1
Project("{9A19103F-16F7-4668-BE54-9A1E7A4F7556}") = "IGME106GroupGame", "IGME106GroupGame.csproj", "{3872CF87-0238-4BBE-85F8-E168A31360C5}"
EndProject
Project("{FAE04EC0-301F-11D3-BF4B-00C04F79EFBC}") = "LevelEditor", "..\LevelEditor\LevelEditor.csproj", "{A7883007-C5C2-4180-AE30-3A3FD4145E8A}"
EndProject
Global
	GlobalSection(SolutionConfigurationPlatforms) = preSolution
		Debug|Any CPU = Debug|Any CPU
		Release|Any CPU = Release|Any CPU
	EndGlobalSection
	GlobalSection(ProjectConfigurationPlatforms) = postSolution
		{3872CF87-0238-4BBE-85F8-E168A31360C5}.Debug|Any CPU.ActiveCfg = Debug|Any CPU
		{3872CF87-0238-4BBE-85F8-E168A31360C5}.Debug|Any CPU.Build.0 = Debug|Any CPU
		{3872CF87-0238-4BBE-85F8-E168A31360C5}.Release|Any CPU.ActiveCfg = Release|Any CPU
		{3872CF87-0238-4BBE-85F8-E168A31360C5}.Release|Any CPU.Build.0 = Release|Any CPU
		{A7883007-C5C2-4180-AE30-3A3FD4145E8A}.Debug|Any CPU.ActiveCfg = Debug|Any CPU
		{A7883007-C5C2-4180-AE30-3A3FD4145E8A}.Debug|Any CPU.Build.0 = Debug|Any CPU
		{A7883007-C5C2-4180-AE30-3A3FD4145E8A}.Release|Any CPU.ActiveCfg = Release|Any CPU
		{A7883007-C5C2-4180-AE30-3A3FD4145E8A}.Release|Any CPU.Build.0 = Release|Any CPU
	EndGlobalSection
	GlobalSection(SolutionProperties) = preSolution
		HideSolutionNode = FALSE
	EndGlobalSection
	GlobalSection(ExtensibilityGlobals) = postSolution
		SolutionGuid = {8260E07D-D3B7-4EAB-923E-B4D6E692B065}
	EndGlobalSection
EndGlobal
